// !$*UTF8*$!
{
	archiveVersion = 1;
	classes = {
	};
	objectVersion = 55;
	objects = {

/* Begin PBXBuildFile section */
		5C2F4F4F28D4CE2D00268475 /* AppDelegate.swift in Sources */ = {isa = PBXBuildFile; fileRef = 5C2F4F4E28D4CE2D00268475 /* AppDelegate.swift */; };
		5C2F4F5328D4CE2D00268475 /* ViewController.swift in Sources */ = {isa = PBXBuildFile; fileRef = 5C2F4F5228D4CE2D00268475 /* ViewController.swift */; };
		5C2F4F5628D4CE2D00268475 /* Main.storyboard in Resources */ = {isa = PBXBuildFile; fileRef = 5C2F4F5428D4CE2D00268475 /* Main.storyboard */; };
		5C2F4F5828D4CE2F00268475 /* Assets.xcassets in Resources */ = {isa = PBXBuildFile; fileRef = 5C2F4F5728D4CE2F00268475 /* Assets.xcassets */; };
		5C2F4F5B28D4CE2F00268475 /* LaunchScreen.storyboard in Resources */ = {isa = PBXBuildFile; fileRef = 5C2F4F5928D4CE2F00268475 /* LaunchScreen.storyboard */; };
		5C2F4F6628D4CE2F00268475 /* WHWeatherAppTests.swift in Sources */ = {isa = PBXBuildFile; fileRef = 5C2F4F6528D4CE2F00268475 /* WHWeatherAppTests.swift */; };
		5C2F4F7028D4CE2F00268475 /* WHWeatherAppUITests.swift in Sources */ = {isa = PBXBuildFile; fileRef = 5C2F4F6F28D4CE2F00268475 /* WHWeatherAppUITests.swift */; };
		5C2F4F7228D4CE2F00268475 /* WHWeatherAppUITestsLaunchTests.swift in Sources */ = {isa = PBXBuildFile; fileRef = 5C2F4F7128D4CE2F00268475 /* WHWeatherAppUITestsLaunchTests.swift */; };
		5C2F4F8728D4D07500268475 /* Coordinator.swift in Sources */ = {isa = PBXBuildFile; fileRef = 5C2F4F8628D4D07500268475 /* Coordinator.swift */; };
		5C2F4F8928D4D0C600268475 /* AppCoordinator.swift in Sources */ = {isa = PBXBuildFile; fileRef = 5C2F4F8828D4D0C600268475 /* AppCoordinator.swift */; };
		947339BA2B177963E5973FB5 /* Pods_WHWeatherAppTests.framework in Frameworks */ = {isa = PBXBuildFile; fileRef = 8FAAF53286744FF9585F286C /* Pods_WHWeatherAppTests.framework */; };
		AD6341888AF0B322AC2E5C21 /* Pods_WHWeatherApp_WHWeatherAppUITests.framework in Frameworks */ = {isa = PBXBuildFile; fileRef = 26F37C8A502C836A21A0A0CB /* Pods_WHWeatherApp_WHWeatherAppUITests.framework */; };
		C81A159AF92E7777930F0D5A /* Pods_WHWeatherApp.framework in Frameworks */ = {isa = PBXBuildFile; fileRef = 950B17B27448A47D8E124030 /* Pods_WHWeatherApp.framework */; };
/* End PBXBuildFile section */

/* Begin PBXContainerItemProxy section */
		5C2F4F6228D4CE2F00268475 /* PBXContainerItemProxy */ = {
			isa = PBXContainerItemProxy;
			containerPortal = 5C2F4F4328D4CE2D00268475 /* Project object */;
			proxyType = 1;
			remoteGlobalIDString = 5C2F4F4A28D4CE2D00268475;
			remoteInfo = WHWeatherApp;
		};
		5C2F4F6C28D4CE2F00268475 /* PBXContainerItemProxy */ = {
			isa = PBXContainerItemProxy;
			containerPortal = 5C2F4F4328D4CE2D00268475 /* Project object */;
			proxyType = 1;
			remoteGlobalIDString = 5C2F4F4A28D4CE2D00268475;
			remoteInfo = WHWeatherApp;
		};
/* End PBXContainerItemProxy section */

/* Begin PBXFileReference section */
		26F37C8A502C836A21A0A0CB /* Pods_WHWeatherApp_WHWeatherAppUITests.framework */ = {isa = PBXFileReference; explicitFileType = wrapper.framework; includeInIndex = 0; path = Pods_WHWeatherApp_WHWeatherAppUITests.framework; sourceTree = BUILT_PRODUCTS_DIR; };
		5C2F4F4B28D4CE2D00268475 /* WHWeatherApp.app */ = {isa = PBXFileReference; explicitFileType = wrapper.application; includeInIndex = 0; path = WHWeatherApp.app; sourceTree = BUILT_PRODUCTS_DIR; };
		5C2F4F4E28D4CE2D00268475 /* AppDelegate.swift */ = {isa = PBXFileReference; lastKnownFileType = sourcecode.swift; path = AppDelegate.swift; sourceTree = "<group>"; };
		5C2F4F5228D4CE2D00268475 /* ViewController.swift */ = {isa = PBXFileReference; lastKnownFileType = sourcecode.swift; path = ViewController.swift; sourceTree = "<group>"; };
		5C2F4F5528D4CE2D00268475 /* Base */ = {isa = PBXFileReference; lastKnownFileType = file.storyboard; name = Base; path = Base.lproj/Main.storyboard; sourceTree = "<group>"; };
		5C2F4F5728D4CE2F00268475 /* Assets.xcassets */ = {isa = PBXFileReference; lastKnownFileType = folder.assetcatalog; path = Assets.xcassets; sourceTree = "<group>"; };
		5C2F4F5A28D4CE2F00268475 /* Base */ = {isa = PBXFileReference; lastKnownFileType = file.storyboard; name = Base; path = Base.lproj/LaunchScreen.storyboard; sourceTree = "<group>"; };
		5C2F4F5C28D4CE2F00268475 /* Info.plist */ = {isa = PBXFileReference; lastKnownFileType = text.plist.xml; path = Info.plist; sourceTree = "<group>"; };
		5C2F4F6128D4CE2F00268475 /* WHWeatherAppTests.xctest */ = {isa = PBXFileReference; explicitFileType = wrapper.cfbundle; includeInIndex = 0; path = WHWeatherAppTests.xctest; sourceTree = BUILT_PRODUCTS_DIR; };
		5C2F4F6528D4CE2F00268475 /* WHWeatherAppTests.swift */ = {isa = PBXFileReference; lastKnownFileType = sourcecode.swift; path = WHWeatherAppTests.swift; sourceTree = "<group>"; };
		5C2F4F6B28D4CE2F00268475 /* WHWeatherAppUITests.xctest */ = {isa = PBXFileReference; explicitFileType = wrapper.cfbundle; includeInIndex = 0; path = WHWeatherAppUITests.xctest; sourceTree = BUILT_PRODUCTS_DIR; };
		5C2F4F6F28D4CE2F00268475 /* WHWeatherAppUITests.swift */ = {isa = PBXFileReference; lastKnownFileType = sourcecode.swift; path = WHWeatherAppUITests.swift; sourceTree = "<group>"; };
		5C2F4F7128D4CE2F00268475 /* WHWeatherAppUITestsLaunchTests.swift */ = {isa = PBXFileReference; lastKnownFileType = sourcecode.swift; path = WHWeatherAppUITestsLaunchTests.swift; sourceTree = "<group>"; };
		5C2F4F8628D4D07500268475 /* Coordinator.swift */ = {isa = PBXFileReference; lastKnownFileType = sourcecode.swift; path = Coordinator.swift; sourceTree = "<group>"; };
		5C2F4F8828D4D0C600268475 /* AppCoordinator.swift */ = {isa = PBXFileReference; lastKnownFileType = sourcecode.swift; path = AppCoordinator.swift; sourceTree = "<group>"; };
		5FAF228C29ABDE9EF600B39E /* Pods-WHWeatherApp-WHWeatherAppUITests.debug.xcconfig */ = {isa = PBXFileReference; includeInIndex = 1; lastKnownFileType = text.xcconfig; name = "Pods-WHWeatherApp-WHWeatherAppUITests.debug.xcconfig"; path = "Target Support Files/Pods-WHWeatherApp-WHWeatherAppUITests/Pods-WHWeatherApp-WHWeatherAppUITests.debug.xcconfig"; sourceTree = "<group>"; };
		626EE882948A889AB48D89D2 /* Pods-WHWeatherAppTests.debug.xcconfig */ = {isa = PBXFileReference; includeInIndex = 1; lastKnownFileType = text.xcconfig; name = "Pods-WHWeatherAppTests.debug.xcconfig"; path = "Target Support Files/Pods-WHWeatherAppTests/Pods-WHWeatherAppTests.debug.xcconfig"; sourceTree = "<group>"; };
		7AAC57147A9903731A5B48C5 /* Pods-WHWeatherAppTests.release.xcconfig */ = {isa = PBXFileReference; includeInIndex = 1; lastKnownFileType = text.xcconfig; name = "Pods-WHWeatherAppTests.release.xcconfig"; path = "Target Support Files/Pods-WHWeatherAppTests/Pods-WHWeatherAppTests.release.xcconfig"; sourceTree = "<group>"; };
		7E9E4DFE3B9652581E651D8B /* Pods-WHWeatherApp.debug.xcconfig */ = {isa = PBXFileReference; includeInIndex = 1; lastKnownFileType = text.xcconfig; name = "Pods-WHWeatherApp.debug.xcconfig"; path = "Target Support Files/Pods-WHWeatherApp/Pods-WHWeatherApp.debug.xcconfig"; sourceTree = "<group>"; };
		8FAAF53286744FF9585F286C /* Pods_WHWeatherAppTests.framework */ = {isa = PBXFileReference; explicitFileType = wrapper.framework; includeInIndex = 0; path = Pods_WHWeatherAppTests.framework; sourceTree = BUILT_PRODUCTS_DIR; };
		950B17B27448A47D8E124030 /* Pods_WHWeatherApp.framework */ = {isa = PBXFileReference; explicitFileType = wrapper.framework; includeInIndex = 0; path = Pods_WHWeatherApp.framework; sourceTree = BUILT_PRODUCTS_DIR; };
		D993D831CA4B9123ACF35CA6 /* Pods-WHWeatherApp-WHWeatherAppUITests.release.xcconfig */ = {isa = PBXFileReference; includeInIndex = 1; lastKnownFileType = text.xcconfig; name = "Pods-WHWeatherApp-WHWeatherAppUITests.release.xcconfig"; path = "Target Support Files/Pods-WHWeatherApp-WHWeatherAppUITests/Pods-WHWeatherApp-WHWeatherAppUITests.release.xcconfig"; sourceTree = "<group>"; };
		EC2AE91890E8BE28453A54B1 /* Pods-WHWeatherApp.release.xcconfig */ = {isa = PBXFileReference; includeInIndex = 1; lastKnownFileType = text.xcconfig; name = "Pods-WHWeatherApp.release.xcconfig"; path = "Target Support Files/Pods-WHWeatherApp/Pods-WHWeatherApp.release.xcconfig"; sourceTree = "<group>"; };
/* End PBXFileReference section */

/* Begin PBXFrameworksBuildPhase section */
		5C2F4F4828D4CE2D00268475 /* Frameworks */ = {
			isa = PBXFrameworksBuildPhase;
			buildActionMask = 2147483647;
			files = (
				C81A159AF92E7777930F0D5A /* Pods_WHWeatherApp.framework in Frameworks */,
			);
			runOnlyForDeploymentPostprocessing = 0;
		};
		5C2F4F5E28D4CE2F00268475 /* Frameworks */ = {
			isa = PBXFrameworksBuildPhase;
			buildActionMask = 2147483647;
			files = (
				947339BA2B177963E5973FB5 /* Pods_WHWeatherAppTests.framework in Frameworks */,
			);
			runOnlyForDeploymentPostprocessing = 0;
		};
		5C2F4F6828D4CE2F00268475 /* Frameworks */ = {
			isa = PBXFrameworksBuildPhase;
			buildActionMask = 2147483647;
			files = (
				AD6341888AF0B322AC2E5C21 /* Pods_WHWeatherApp_WHWeatherAppUITests.framework in Frameworks */,
			);
			runOnlyForDeploymentPostprocessing = 0;
		};
/* End PBXFrameworksBuildPhase section */

/* Begin PBXGroup section */
		5C2F4F4228D4CE2D00268475 = {
			isa = PBXGroup;
			children = (
				5C2F4F4D28D4CE2D00268475 /* WHWeatherApp */,
				5C2F4F6428D4CE2F00268475 /* WHWeatherAppTests */,
				5C2F4F6E28D4CE2F00268475 /* WHWeatherAppUITests */,
				5C2F4F4C28D4CE2D00268475 /* Products */,
				61BD519FB0EDC651CEDA332D /* Pods */,
				E3CD1AFD88324DB5CFC08BCF /* Frameworks */,
			);
			sourceTree = "<group>";
		};
		5C2F4F4C28D4CE2D00268475 /* Products */ = {
			isa = PBXGroup;
			children = (
				5C2F4F4B28D4CE2D00268475 /* WHWeatherApp.app */,
				5C2F4F6128D4CE2F00268475 /* WHWeatherAppTests.xctest */,
				5C2F4F6B28D4CE2F00268475 /* WHWeatherAppUITests.xctest */,
			);
			name = Products;
			sourceTree = "<group>";
		};
		5C2F4F4D28D4CE2D00268475 /* WHWeatherApp */ = {
			isa = PBXGroup;
			children = (
				5C2F4F8528D4D06500268475 /* Coordinator */,
				5C2F4F7E28D4CF7200268475 /* Presentation */,
				5C2F4F7F28D4CF9000268475 /* Business */,
				5C2F4F8028D4CF9700268475 /* Data */,
				5C2F4F8228D4CFA200268475 /* Model */,
				5C2F4F8128D4CF9B00268475 /* Services */,
				5C2F4F8328D4CFA900268475 /* Assets */,
				5C2F4F8428D4CFCB00268475 /* AppDelegate */,
			);
			path = WHWeatherApp;
			sourceTree = "<group>";
		};
		5C2F4F6428D4CE2F00268475 /* WHWeatherAppTests */ = {
			isa = PBXGroup;
			children = (
				5C2F4F6528D4CE2F00268475 /* WHWeatherAppTests.swift */,
			);
			path = WHWeatherAppTests;
			sourceTree = "<group>";
		};
		5C2F4F6E28D4CE2F00268475 /* WHWeatherAppUITests */ = {
			isa = PBXGroup;
			children = (
				5C2F4F6F28D4CE2F00268475 /* WHWeatherAppUITests.swift */,
				5C2F4F7128D4CE2F00268475 /* WHWeatherAppUITestsLaunchTests.swift */,
			);
			path = WHWeatherAppUITests;
			sourceTree = "<group>";
		};
		5C2F4F7E28D4CF7200268475 /* Presentation */ = {
			isa = PBXGroup;
			children = (
				5C2F4F5428D4CE2D00268475 /* Main.storyboard */,
				5C2F4F8A28D4D11D00268475 /* Home */,
			);
			path = Presentation;
			sourceTree = "<group>";
		};
		5C2F4F7F28D4CF9000268475 /* Business */ = {
			isa = PBXGroup;
			children = (
			);
			path = Business;
			sourceTree = "<group>";
		};
		5C2F4F8028D4CF9700268475 /* Data */ = {
			isa = PBXGroup;
			children = (
			);
			path = Data;
			sourceTree = "<group>";
		};
		5C2F4F8128D4CF9B00268475 /* Services */ = {
			isa = PBXGroup;
			children = (
			);
			path = Services;
			sourceTree = "<group>";
		};
		5C2F4F8228D4CFA200268475 /* Model */ = {
			isa = PBXGroup;
			children = (
			);
			path = Model;
			sourceTree = "<group>";
		};
		5C2F4F8328D4CFA900268475 /* Assets */ = {
			isa = PBXGroup;
			children = (
				5C2F4F5C28D4CE2F00268475 /* Info.plist */,
				5C2F4F5728D4CE2F00268475 /* Assets.xcassets */,
				5C2F4F5928D4CE2F00268475 /* LaunchScreen.storyboard */,
			);
			path = Assets;
			sourceTree = "<group>";
		};
		5C2F4F8428D4CFCB00268475 /* AppDelegate */ = {
			isa = PBXGroup;
			children = (
				5C2F4F4E28D4CE2D00268475 /* AppDelegate.swift */,
			);
			path = AppDelegate;
			sourceTree = "<group>";
		};
		5C2F4F8528D4D06500268475 /* Coordinator */ = {
			isa = PBXGroup;
			children = (
				5C2F4F8628D4D07500268475 /* Coordinator.swift */,
				5C2F4F8828D4D0C600268475 /* AppCoordinator.swift */,
			);
			path = Coordinator;
			sourceTree = "<group>";
		};
		5C2F4F8A28D4D11D00268475 /* Home */ = {
			isa = PBXGroup;
			children = (
				5C2F4F5228D4CE2D00268475 /* ViewController.swift */,
			);
			path = Home;
			sourceTree = "<group>";
		};
		61BD519FB0EDC651CEDA332D /* Pods */ = {
			isa = PBXGroup;
			children = (
				7E9E4DFE3B9652581E651D8B /* Pods-WHWeatherApp.debug.xcconfig */,
				EC2AE91890E8BE28453A54B1 /* Pods-WHWeatherApp.release.xcconfig */,
				5FAF228C29ABDE9EF600B39E /* Pods-WHWeatherApp-WHWeatherAppUITests.debug.xcconfig */,
				D993D831CA4B9123ACF35CA6 /* Pods-WHWeatherApp-WHWeatherAppUITests.release.xcconfig */,
				626EE882948A889AB48D89D2 /* Pods-WHWeatherAppTests.debug.xcconfig */,
				7AAC57147A9903731A5B48C5 /* Pods-WHWeatherAppTests.release.xcconfig */,
			);
			name = Pods;
			path = Pods;
			sourceTree = "<group>";
		};
		E3CD1AFD88324DB5CFC08BCF /* Frameworks */ = {
			isa = PBXGroup;
			children = (
				950B17B27448A47D8E124030 /* Pods_WHWeatherApp.framework */,
				26F37C8A502C836A21A0A0CB /* Pods_WHWeatherApp_WHWeatherAppUITests.framework */,
				8FAAF53286744FF9585F286C /* Pods_WHWeatherAppTests.framework */,
			);
			name = Frameworks;
			sourceTree = "<group>";
		};
/* End PBXGroup section */

/* Begin PBXNativeTarget section */
		5C2F4F4A28D4CE2D00268475 /* WHWeatherApp */ = {
			isa = PBXNativeTarget;
			buildConfigurationList = 5C2F4F7528D4CE2F00268475 /* Build configuration list for PBXNativeTarget "WHWeatherApp" */;
			buildPhases = (
				AD4C870E609399F6692A9F25 /* [CP] Check Pods Manifest.lock */,
				5C2F4F4728D4CE2D00268475 /* Sources */,
				5C2F4F4828D4CE2D00268475 /* Frameworks */,
				5C2F4F4928D4CE2D00268475 /* Resources */,
				2568A5CB6BCFF182C7C2CAE3 /* [CP] Embed Pods Frameworks */,
			);
			buildRules = (
			);
			dependencies = (
			);
			name = WHWeatherApp;
			productName = WHWeatherApp;
			productReference = 5C2F4F4B28D4CE2D00268475 /* WHWeatherApp.app */;
			productType = "com.apple.product-type.application";
		};
		5C2F4F6028D4CE2F00268475 /* WHWeatherAppTests */ = {
			isa = PBXNativeTarget;
			buildConfigurationList = 5C2F4F7828D4CE2F00268475 /* Build configuration list for PBXNativeTarget "WHWeatherAppTests" */;
			buildPhases = (
				A47D21E57224ED0E104AD77B /* [CP] Check Pods Manifest.lock */,
				5C2F4F5D28D4CE2F00268475 /* Sources */,
				5C2F4F5E28D4CE2F00268475 /* Frameworks */,
				5C2F4F5F28D4CE2F00268475 /* Resources */,
			);
			buildRules = (
			);
			dependencies = (
				5C2F4F6328D4CE2F00268475 /* PBXTargetDependency */,
			);
			name = WHWeatherAppTests;
			productName = WHWeatherAppTests;
			productReference = 5C2F4F6128D4CE2F00268475 /* WHWeatherAppTests.xctest */;
			productType = "com.apple.product-type.bundle.unit-test";
		};
		5C2F4F6A28D4CE2F00268475 /* WHWeatherAppUITests */ = {
			isa = PBXNativeTarget;
			buildConfigurationList = 5C2F4F7B28D4CE2F00268475 /* Build configuration list for PBXNativeTarget "WHWeatherAppUITests" */;
			buildPhases = (
				E650518FE1A758D34C5A38FF /* [CP] Check Pods Manifest.lock */,
				5C2F4F6728D4CE2F00268475 /* Sources */,
				5C2F4F6828D4CE2F00268475 /* Frameworks */,
				5C2F4F6928D4CE2F00268475 /* Resources */,
				F08F6B12FBB70B84FF833A43 /* [CP] Embed Pods Frameworks */,
			);
			buildRules = (
			);
			dependencies = (
				5C2F4F6D28D4CE2F00268475 /* PBXTargetDependency */,
			);
			name = WHWeatherAppUITests;
			productName = WHWeatherAppUITests;
			productReference = 5C2F4F6B28D4CE2F00268475 /* WHWeatherAppUITests.xctest */;
			productType = "com.apple.product-type.bundle.ui-testing";
		};
/* End PBXNativeTarget section */

/* Begin PBXProject section */
		5C2F4F4328D4CE2D00268475 /* Project object */ = {
			isa = PBXProject;
			attributes = {
				BuildIndependentTargetsInParallel = 1;
				LastSwiftUpdateCheck = 1340;
				LastUpgradeCheck = 1340;
				TargetAttributes = {
					5C2F4F4A28D4CE2D00268475 = {
						CreatedOnToolsVersion = 13.4.1;
					};
					5C2F4F6028D4CE2F00268475 = {
						CreatedOnToolsVersion = 13.4.1;
						TestTargetID = 5C2F4F4A28D4CE2D00268475;
					};
					5C2F4F6A28D4CE2F00268475 = {
						CreatedOnToolsVersion = 13.4.1;
						TestTargetID = 5C2F4F4A28D4CE2D00268475;
					};
				};
			};
			buildConfigurationList = 5C2F4F4628D4CE2D00268475 /* Build configuration list for PBXProject "WHWeatherApp" */;
			compatibilityVersion = "Xcode 13.0";
			developmentRegion = en;
			hasScannedForEncodings = 0;
			knownRegions = (
				en,
				Base,
			);
			mainGroup = 5C2F4F4228D4CE2D00268475;
			productRefGroup = 5C2F4F4C28D4CE2D00268475 /* Products */;
			projectDirPath = "";
			projectRoot = "";
			targets = (
				5C2F4F4A28D4CE2D00268475 /* WHWeatherApp */,
				5C2F4F6028D4CE2F00268475 /* WHWeatherAppTests */,
				5C2F4F6A28D4CE2F00268475 /* WHWeatherAppUITests */,
			);
		};
/* End PBXProject section */

/* Begin PBXResourcesBuildPhase section */
		5C2F4F4928D4CE2D00268475 /* Resources */ = {
			isa = PBXResourcesBuildPhase;
			buildActionMask = 2147483647;
			files = (
				5C2F4F5B28D4CE2F00268475 /* LaunchScreen.storyboard in Resources */,
				5C2F4F5828D4CE2F00268475 /* Assets.xcassets in Resources */,
				5C2F4F5628D4CE2D00268475 /* Main.storyboard in Resources */,
			);
			runOnlyForDeploymentPostprocessing = 0;
		};
		5C2F4F5F28D4CE2F00268475 /* Resources */ = {
			isa = PBXResourcesBuildPhase;
			buildActionMask = 2147483647;
			files = (
			);
			runOnlyForDeploymentPostprocessing = 0;
		};
		5C2F4F6928D4CE2F00268475 /* Resources */ = {
			isa = PBXResourcesBuildPhase;
			buildActionMask = 2147483647;
			files = (
			);
			runOnlyForDeploymentPostprocessing = 0;
		};
/* End PBXResourcesBuildPhase section */

/* Begin PBXShellScriptBuildPhase section */
		2568A5CB6BCFF182C7C2CAE3 /* [CP] Embed Pods Frameworks */ = {
			isa = PBXShellScriptBuildPhase;
			buildActionMask = 2147483647;
			files = (
			);
			inputFileListPaths = (
				"${PODS_ROOT}/Target Support Files/Pods-WHWeatherApp/Pods-WHWeatherApp-frameworks-${CONFIGURATION}-input-files.xcfilelist",
			);
			name = "[CP] Embed Pods Frameworks";
			outputFileListPaths = (
				"${PODS_ROOT}/Target Support Files/Pods-WHWeatherApp/Pods-WHWeatherApp-frameworks-${CONFIGURATION}-output-files.xcfilelist",
			);
			runOnlyForDeploymentPostprocessing = 0;
			shellPath = /bin/sh;
			shellScript = "\"${PODS_ROOT}/Target Support Files/Pods-WHWeatherApp/Pods-WHWeatherApp-frameworks.sh\"\n";
			showEnvVarsInLog = 0;
		};
		A47D21E57224ED0E104AD77B /* [CP] Check Pods Manifest.lock */ = {
			isa = PBXShellScriptBuildPhase;
			buildActionMask = 2147483647;
			files = (
			);
			inputFileListPaths = (
			);
			inputPaths = (
				"${PODS_PODFILE_DIR_PATH}/Podfile.lock",
				"${PODS_ROOT}/Manifest.lock",
			);
			name = "[CP] Check Pods Manifest.lock";
			outputFileListPaths = (
			);
			outputPaths = (
				"$(DERIVED_FILE_DIR)/Pods-WHWeatherAppTests-checkManifestLockResult.txt",
			);
			runOnlyForDeploymentPostprocessing = 0;
			shellPath = /bin/sh;
			shellScript = "diff \"${PODS_PODFILE_DIR_PATH}/Podfile.lock\" \"${PODS_ROOT}/Manifest.lock\" > /dev/null\nif [ $? != 0 ] ; then\n    # print error to STDERR\n    echo \"error: The sandbox is not in sync with the Podfile.lock. Run 'pod install' or update your CocoaPods installation.\" >&2\n    exit 1\nfi\n# This output is used by Xcode 'outputs' to avoid re-running this script phase.\necho \"SUCCESS\" > \"${SCRIPT_OUTPUT_FILE_0}\"\n";
			showEnvVarsInLog = 0;
		};
		AD4C870E609399F6692A9F25 /* [CP] Check Pods Manifest.lock */ = {
			isa = PBXShellScriptBuildPhase;
			buildActionMask = 2147483647;
			files = (
			);
			inputFileListPaths = (
			);
			inputPaths = (
				"${PODS_PODFILE_DIR_PATH}/Podfile.lock",
				"${PODS_ROOT}/Manifest.lock",
			);
			name = "[CP] Check Pods Manifest.lock";
			outputFileListPaths = (
			);
			outputPaths = (
				"$(DERIVED_FILE_DIR)/Pods-WHWeatherApp-checkManifestLockResult.txt",
			);
			runOnlyForDeploymentPostprocessing = 0;
			shellPath = /bin/sh;
			shellScript = "diff \"${PODS_PODFILE_DIR_PATH}/Podfile.lock\" \"${PODS_ROOT}/Manifest.lock\" > /dev/null\nif [ $? != 0 ] ; then\n    # print error to STDERR\n    echo \"error: The sandbox is not in sync with the Podfile.lock. Run 'pod install' or update your CocoaPods installation.\" >&2\n    exit 1\nfi\n# This output is used by Xcode 'outputs' to avoid re-running this script phase.\necho \"SUCCESS\" > \"${SCRIPT_OUTPUT_FILE_0}\"\n";
			showEnvVarsInLog = 0;
		};
		E650518FE1A758D34C5A38FF /* [CP] Check Pods Manifest.lock */ = {
			isa = PBXShellScriptBuildPhase;
			buildActionMask = 2147483647;
			files = (
			);
			inputFileListPaths = (
			);
			inputPaths = (
				"${PODS_PODFILE_DIR_PATH}/Podfile.lock",
				"${PODS_ROOT}/Manifest.lock",
			);
			name = "[CP] Check Pods Manifest.lock";
			outputFileListPaths = (
			);
			outputPaths = (
				"$(DERIVED_FILE_DIR)/Pods-WHWeatherApp-WHWeatherAppUITests-checkManifestLockResult.txt",
			);
			runOnlyForDeploymentPostprocessing = 0;
			shellPath = /bin/sh;
			shellScript = "diff \"${PODS_PODFILE_DIR_PATH}/Podfile.lock\" \"${PODS_ROOT}/Manifest.lock\" > /dev/null\nif [ $? != 0 ] ; then\n    # print error to STDERR\n    echo \"error: The sandbox is not in sync with the Podfile.lock. Run 'pod install' or update your CocoaPods installation.\" >&2\n    exit 1\nfi\n# This output is used by Xcode 'outputs' to avoid re-running this script phase.\necho \"SUCCESS\" > \"${SCRIPT_OUTPUT_FILE_0}\"\n";
			showEnvVarsInLog = 0;
		};
		F08F6B12FBB70B84FF833A43 /* [CP] Embed Pods Frameworks */ = {
			isa = PBXShellScriptBuildPhase;
			buildActionMask = 2147483647;
			files = (
			);
			inputFileListPaths = (
				"${PODS_ROOT}/Target Support Files/Pods-WHWeatherApp-WHWeatherAppUITests/Pods-WHWeatherApp-WHWeatherAppUITests-frameworks-${CONFIGURATION}-input-files.xcfilelist",
			);
			name = "[CP] Embed Pods Frameworks";
			outputFileListPaths = (
				"${PODS_ROOT}/Target Support Files/Pods-WHWeatherApp-WHWeatherAppUITests/Pods-WHWeatherApp-WHWeatherAppUITests-frameworks-${CONFIGURATION}-output-files.xcfilelist",
			);
			runOnlyForDeploymentPostprocessing = 0;
			shellPath = /bin/sh;
			shellScript = "\"${PODS_ROOT}/Target Support Files/Pods-WHWeatherApp-WHWeatherAppUITests/Pods-WHWeatherApp-WHWeatherAppUITests-frameworks.sh\"\n";
			showEnvVarsInLog = 0;
		};
/* End PBXShellScriptBuildPhase section */

/* Begin PBXSourcesBuildPhase section */
		5C2F4F4728D4CE2D00268475 /* Sources */ = {
			isa = PBXSourcesBuildPhase;
			buildActionMask = 2147483647;
			files = (
				5C2F4F8928D4D0C600268475 /* AppCoordinator.swift in Sources */,
				5C2F4F5328D4CE2D00268475 /* ViewController.swift in Sources */,
				5C2F4F4F28D4CE2D00268475 /* AppDelegate.swift in Sources */,
				5C2F4F8728D4D07500268475 /* Coordinator.swift in Sources */,
			);
			runOnlyForDeploymentPostprocessing = 0;
		};
		5C2F4F5D28D4CE2F00268475 /* Sources */ = {
			isa = PBXSourcesBuildPhase;
			buildActionMask = 2147483647;
			files = (
				5C2F4F6628D4CE2F00268475 /* WHWeatherAppTests.swift in Sources */,
			);
			runOnlyForDeploymentPostprocessing = 0;
		};
		5C2F4F6728D4CE2F00268475 /* Sources */ = {
			isa = PBXSourcesBuildPhase;
			buildActionMask = 2147483647;
			files = (
				5C2F4F7228D4CE2F00268475 /* WHWeatherAppUITestsLaunchTests.swift in Sources */,
				5C2F4F7028D4CE2F00268475 /* WHWeatherAppUITests.swift in Sources */,
			);
			runOnlyForDeploymentPostprocessing = 0;
		};
/* End PBXSourcesBuildPhase section */

/* Begin PBXTargetDependency section */
		5C2F4F6328D4CE2F00268475 /* PBXTargetDependency */ = {
			isa = PBXTargetDependency;
			target = 5C2F4F4A28D4CE2D00268475 /* WHWeatherApp */;
			targetProxy = 5C2F4F6228D4CE2F00268475 /* PBXContainerItemProxy */;
		};
		5C2F4F6D28D4CE2F00268475 /* PBXTargetDependency */ = {
			isa = PBXTargetDependency;
			target = 5C2F4F4A28D4CE2D00268475 /* WHWeatherApp */;
			targetProxy = 5C2F4F6C28D4CE2F00268475 /* PBXContainerItemProxy */;
		};
/* End PBXTargetDependency section */

/* Begin PBXVariantGroup section */
		5C2F4F5428D4CE2D00268475 /* Main.storyboard */ = {
			isa = PBXVariantGroup;
			children = (
				5C2F4F5528D4CE2D00268475 /* Base */,
			);
			name = Main.storyboard;
			sourceTree = "<group>";
		};
		5C2F4F5928D4CE2F00268475 /* LaunchScreen.storyboard */ = {
			isa = PBXVariantGroup;
			children = (
				5C2F4F5A28D4CE2F00268475 /* Base */,
			);
			name = LaunchScreen.storyboard;
			sourceTree = "<group>";
		};
/* End PBXVariantGroup section */

/* Begin XCBuildConfiguration section */
		5C2F4F7328D4CE2F00268475 /* Debug */ = {
			isa = XCBuildConfiguration;
			buildSettings = {
				ALWAYS_SEARCH_USER_PATHS = NO;
				CLANG_ANALYZER_NONNULL = YES;
				CLANG_ANALYZER_NUMBER_OBJECT_CONVERSION = YES_AGGRESSIVE;
				CLANG_CXX_LANGUAGE_STANDARD = "gnu++17";
				CLANG_ENABLE_MODULES = YES;
				CLANG_ENABLE_OBJC_ARC = YES;
				CLANG_ENABLE_OBJC_WEAK = YES;
				CLANG_WARN_BLOCK_CAPTURE_AUTORELEASING = YES;
				CLANG_WARN_BOOL_CONVERSION = YES;
				CLANG_WARN_COMMA = YES;
				CLANG_WARN_CONSTANT_CONVERSION = YES;
				CLANG_WARN_DEPRECATED_OBJC_IMPLEMENTATIONS = YES;
				CLANG_WARN_DIRECT_OBJC_ISA_USAGE = YES_ERROR;
				CLANG_WARN_DOCUMENTATION_COMMENTS = YES;
				CLANG_WARN_EMPTY_BODY = YES;
				CLANG_WARN_ENUM_CONVERSION = YES;
				CLANG_WARN_INFINITE_RECURSION = YES;
				CLANG_WARN_INT_CONVERSION = YES;
				CLANG_WARN_NON_LITERAL_NULL_CONVERSION = YES;
				CLANG_WARN_OBJC_IMPLICIT_RETAIN_SELF = YES;
				CLANG_WARN_OBJC_LITERAL_CONVERSION = YES;
				CLANG_WARN_OBJC_ROOT_CLASS = YES_ERROR;
				CLANG_WARN_QUOTED_INCLUDE_IN_FRAMEWORK_HEADER = YES;
				CLANG_WARN_RANGE_LOOP_ANALYSIS = YES;
				CLANG_WARN_STRICT_PROTOTYPES = YES;
				CLANG_WARN_SUSPICIOUS_MOVE = YES;
				CLANG_WARN_UNGUARDED_AVAILABILITY = YES_AGGRESSIVE;
				CLANG_WARN_UNREACHABLE_CODE = YES;
				CLANG_WARN__DUPLICATE_METHOD_MATCH = YES;
				COPY_PHASE_STRIP = NO;
				DEBUG_INFORMATION_FORMAT = dwarf;
				ENABLE_STRICT_OBJC_MSGSEND = YES;
				ENABLE_TESTABILITY = YES;
				GCC_C_LANGUAGE_STANDARD = gnu11;
				GCC_DYNAMIC_NO_PIC = NO;
				GCC_NO_COMMON_BLOCKS = YES;
				GCC_OPTIMIZATION_LEVEL = 0;
				GCC_PREPROCESSOR_DEFINITIONS = (
					"DEBUG=1",
					"$(inherited)",
				);
				GCC_WARN_64_TO_32_BIT_CONVERSION = YES;
				GCC_WARN_ABOUT_RETURN_TYPE = YES_ERROR;
				GCC_WARN_UNDECLARED_SELECTOR = YES;
				GCC_WARN_UNINITIALIZED_AUTOS = YES_AGGRESSIVE;
				GCC_WARN_UNUSED_FUNCTION = YES;
				GCC_WARN_UNUSED_VARIABLE = YES;
				IPHONEOS_DEPLOYMENT_TARGET = 15.5;
				MTL_ENABLE_DEBUG_INFO = INCLUDE_SOURCE;
				MTL_FAST_MATH = YES;
				ONLY_ACTIVE_ARCH = YES;
				SDKROOT = iphoneos;
				SWIFT_ACTIVE_COMPILATION_CONDITIONS = DEBUG;
				SWIFT_OPTIMIZATION_LEVEL = "-Onone";
			};
			name = Debug;
		};
		5C2F4F7428D4CE2F00268475 /* Release */ = {
			isa = XCBuildConfiguration;
			buildSettings = {
				ALWAYS_SEARCH_USER_PATHS = NO;
				CLANG_ANALYZER_NONNULL = YES;
				CLANG_ANALYZER_NUMBER_OBJECT_CONVERSION = YES_AGGRESSIVE;
				CLANG_CXX_LANGUAGE_STANDARD = "gnu++17";
				CLANG_ENABLE_MODULES = YES;
				CLANG_ENABLE_OBJC_ARC = YES;
				CLANG_ENABLE_OBJC_WEAK = YES;
				CLANG_WARN_BLOCK_CAPTURE_AUTORELEASING = YES;
				CLANG_WARN_BOOL_CONVERSION = YES;
				CLANG_WARN_COMMA = YES;
				CLANG_WARN_CONSTANT_CONVERSION = YES;
				CLANG_WARN_DEPRECATED_OBJC_IMPLEMENTATIONS = YES;
				CLANG_WARN_DIRECT_OBJC_ISA_USAGE = YES_ERROR;
				CLANG_WARN_DOCUMENTATION_COMMENTS = YES;
				CLANG_WARN_EMPTY_BODY = YES;
				CLANG_WARN_ENUM_CONVERSION = YES;
				CLANG_WARN_INFINITE_RECURSION = YES;
				CLANG_WARN_INT_CONVERSION = YES;
				CLANG_WARN_NON_LITERAL_NULL_CONVERSION = YES;
				CLANG_WARN_OBJC_IMPLICIT_RETAIN_SELF = YES;
				CLANG_WARN_OBJC_LITERAL_CONVERSION = YES;
				CLANG_WARN_OBJC_ROOT_CLASS = YES_ERROR;
				CLANG_WARN_QUOTED_INCLUDE_IN_FRAMEWORK_HEADER = YES;
				CLANG_WARN_RANGE_LOOP_ANALYSIS = YES;
				CLANG_WARN_STRICT_PROTOTYPES = YES;
				CLANG_WARN_SUSPICIOUS_MOVE = YES;
				CLANG_WARN_UNGUARDED_AVAILABILITY = YES_AGGRESSIVE;
				CLANG_WARN_UNREACHABLE_CODE = YES;
				CLANG_WARN__DUPLICATE_METHOD_MATCH = YES;
				COPY_PHASE_STRIP = NO;
				DEBUG_INFORMATION_FORMAT = "dwarf-with-dsym";
				ENABLE_NS_ASSERTIONS = NO;
				ENABLE_STRICT_OBJC_MSGSEND = YES;
				GCC_C_LANGUAGE_STANDARD = gnu11;
				GCC_NO_COMMON_BLOCKS = YES;
				GCC_WARN_64_TO_32_BIT_CONVERSION = YES;
				GCC_WARN_ABOUT_RETURN_TYPE = YES_ERROR;
				GCC_WARN_UNDECLARED_SELECTOR = YES;
				GCC_WARN_UNINITIALIZED_AUTOS = YES_AGGRESSIVE;
				GCC_WARN_UNUSED_FUNCTION = YES;
				GCC_WARN_UNUSED_VARIABLE = YES;
				IPHONEOS_DEPLOYMENT_TARGET = 15.5;
				MTL_ENABLE_DEBUG_INFO = NO;
				MTL_FAST_MATH = YES;
				SDKROOT = iphoneos;
				SWIFT_COMPILATION_MODE = wholemodule;
				SWIFT_OPTIMIZATION_LEVEL = "-O";
				VALIDATE_PRODUCT = YES;
			};
			name = Release;
		};
		5C2F4F7628D4CE2F00268475 /* Debug */ = {
			isa = XCBuildConfiguration;
			baseConfigurationReference = 7E9E4DFE3B9652581E651D8B /* Pods-WHWeatherApp.debug.xcconfig */;
			buildSettings = {
				ASSETCATALOG_COMPILER_APPICON_NAME = AppIcon;
				ASSETCATALOG_COMPILER_GLOBAL_ACCENT_COLOR_NAME = AccentColor;
				CODE_SIGN_STYLE = Automatic;
				CURRENT_PROJECT_VERSION = 1;
				DEVELOPMENT_TEAM = 2Y937SQRA7;
				GENERATE_INFOPLIST_FILE = YES;
				INFOPLIST_FILE = WHWeatherApp/Assets/Info.plist;
				INFOPLIST_KEY_UIApplicationSupportsIndirectInputEvents = YES;
				INFOPLIST_KEY_UILaunchStoryboardName = LaunchScreen;
				INFOPLIST_KEY_UISupportedInterfaceOrientations_iPad = "UIInterfaceOrientationPortrait UIInterfaceOrientationPortraitUpsideDown UIInterfaceOrientationLandscapeLeft UIInterfaceOrientationLandscapeRight";
				INFOPLIST_KEY_UISupportedInterfaceOrientations_iPhone = "UIInterfaceOrientationPortrait UIInterfaceOrientationLandscapeLeft UIInterfaceOrientationLandscapeRight";
				IPHONEOS_DEPLOYMENT_TARGET = 12.0;
				LD_RUNPATH_SEARCH_PATHS = (
					"$(inherited)",
					"@executable_path/Frameworks",
				);
				MARKETING_VERSION = 1.0;
				PRODUCT_BUNDLE_IDENTIFIER = com.hassan.WHWeatherApp;
				PRODUCT_NAME = "$(TARGET_NAME)";
				SWIFT_EMIT_LOC_STRINGS = YES;
				SWIFT_VERSION = 5.0;
				TARGETED_DEVICE_FAMILY = 1;
			};
			name = Debug;
		};
		5C2F4F7728D4CE2F00268475 /* Release */ = {
			isa = XCBuildConfiguration;
			baseConfigurationReference = EC2AE91890E8BE28453A54B1 /* Pods-WHWeatherApp.release.xcconfig */;
			buildSettings = {
				ASSETCATALOG_COMPILER_APPICON_NAME = AppIcon;
				ASSETCATALOG_COMPILER_GLOBAL_ACCENT_COLOR_NAME = AccentColor;
				CODE_SIGN_STYLE = Automatic;
				CURRENT_PROJECT_VERSION = 1;
				DEVELOPMENT_TEAM = 2Y937SQRA7;
				GENERATE_INFOPLIST_FILE = YES;
				INFOPLIST_FILE = WHWeatherApp/Assets/Info.plist;
				INFOPLIST_KEY_UIApplicationSupportsIndirectInputEvents = YES;
				INFOPLIST_KEY_UILaunchStoryboardName = LaunchScreen;
				INFOPLIST_KEY_UISupportedInterfaceOrientations_iPad = "UIInterfaceOrientationPortrait UIInterfaceOrientationPortraitUpsideDown UIInterfaceOrientationLandscapeLeft UIInterfaceOrientationLandscapeRight";
				INFOPLIST_KEY_UISupportedInterfaceOrientations_iPhone = "UIInterfaceOrientationPortrait UIInterfaceOrientationLandscapeLeft UIInterfaceOrientationLandscapeRight";
				IPHONEOS_DEPLOYMENT_TARGET = 12.0;
				LD_RUNPATH_SEARCH_PATHS = (
					"$(inherited)",
					"@executable_path/Frameworks",
				);
				MARKETING_VERSION = 1.0;
				PRODUCT_BUNDLE_IDENTIFIER = com.hassan.WHWeatherApp;
				PRODUCT_NAME = "$(TARGET_NAME)";
				SWIFT_EMIT_LOC_STRINGS = YES;
				SWIFT_VERSION = 5.0;
				TARGETED_DEVICE_FAMILY = 1;
			};
			name = Release;
		};
		5C2F4F7928D4CE2F00268475 /* Debug */ = {
			isa = XCBuildConfiguration;
			baseConfigurationReference = 626EE882948A889AB48D89D2 /* Pods-WHWeatherAppTests.debug.xcconfig */;
			buildSettings = {
				ALWAYS_EMBED_SWIFT_STANDARD_LIBRARIES = YES;
				BUNDLE_LOADER = "$(TEST_HOST)";
				CODE_SIGN_STYLE = Automatic;
				CURRENT_PROJECT_VERSION = 1;
				DEVELOPMENT_TEAM = 2Y937SQRA7;
				GENERATE_INFOPLIST_FILE = YES;
				IPHONEOS_DEPLOYMENT_TARGET = 15.5;
				MARKETING_VERSION = 1.0;
				PRODUCT_BUNDLE_IDENTIFIER = com.hassan.WHWeatherAppTests;
				PRODUCT_NAME = "$(TARGET_NAME)";
				SWIFT_EMIT_LOC_STRINGS = NO;
				SWIFT_VERSION = 5.0;
				TARGETED_DEVICE_FAMILY = "1,2";
				TEST_HOST = "$(BUILT_PRODUCTS_DIR)/WHWeatherApp.app/WHWeatherApp";
			};
			name = Debug;
		};
		5C2F4F7A28D4CE2F00268475 /* Release */ = {
			isa = XCBuildConfiguration;
			baseConfigurationReference = 7AAC57147A9903731A5B48C5 /* Pods-WHWeatherAppTests.release.xcconfig */;
			buildSettings = {
				ALWAYS_EMBED_SWIFT_STANDARD_LIBRARIES = YES;
				BUNDLE_LOADER = "$(TEST_HOST)";
				CODE_SIGN_STYLE = Automatic;
				CURRENT_PROJECT_VERSION = 1;
				DEVELOPMENT_TEAM = 2Y937SQRA7;
				GENERATE_INFOPLIST_FILE = YES;
				IPHONEOS_DEPLOYMENT_TARGET = 15.5;
				MARKETING_VERSION = 1.0;
				PRODUCT_BUNDLE_IDENTIFIER = com.hassan.WHWeatherAppTests;
				PRODUCT_NAME = "$(TARGET_NAME)";
				SWIFT_EMIT_LOC_STRINGS = NO;
				SWIFT_VERSION = 5.0;
				TARGETED_DEVICE_FAMILY = "1,2";
				TEST_HOST = "$(BUILT_PRODUCTS_DIR)/WHWeatherApp.app/WHWeatherApp";
			};
			name = Release;
		};
		5C2F4F7C28D4CE2F00268475 /* Debug */ = {
			isa = XCBuildConfiguration;
			baseConfigurationReference = 5FAF228C29ABDE9EF600B39E /* Pods-WHWeatherApp-WHWeatherAppUITests.debug.xcconfig */;
			buildSettings = {
				ALWAYS_EMBED_SWIFT_STANDARD_LIBRARIES = YES;
				CODE_SIGN_STYLE = Automatic;
				CURRENT_PROJECT_VERSION = 1;
				DEVELOPMENT_TEAM = 2Y937SQRA7;
				GENERATE_INFOPLIST_FILE = YES;
				MARKETING_VERSION = 1.0;
				PRODUCT_BUNDLE_IDENTIFIER = com.hassan.WHWeatherAppUITests;
				PRODUCT_NAME = "$(TARGET_NAME)";
				SWIFT_EMIT_LOC_STRINGS = NO;
				SWIFT_VERSION = 5.0;
				TARGETED_DEVICE_FAMILY = "1,2";
				TEST_TARGET_NAME = WHWeatherApp;
			};
			name = Debug;
		};
		5C2F4F7D28D4CE2F00268475 /* Release */ = {
			isa = XCBuildConfiguration;
			baseConfigurationReference = D993D831CA4B9123ACF35CA6 /* Pods-WHWeatherApp-WHWeatherAppUITests.release.xcconfig */;
			buildSettings = {
				ALWAYS_EMBED_SWIFT_STANDARD_LIBRARIES = YES;
				CODE_SIGN_STYLE = Automatic;
				CURRENT_PROJECT_VERSION = 1;
				DEVELOPMENT_TEAM = 2Y937SQRA7;
				GENERATE_INFOPLIST_FILE = YES;
				MARKETING_VERSION = 1.0;
				PRODUCT_BUNDLE_IDENTIFIER = com.hassan.WHWeatherAppUITests;
				PRODUCT_NAME = "$(TARGET_NAME)";
				SWIFT_EMIT_LOC_STRINGS = NO;
				SWIFT_VERSION = 5.0;
				TARGETED_DEVICE_FAMILY = "1,2";
				TEST_TARGET_NAME = WHWeatherApp;
			};
			name = Release;
		};
/* End XCBuildConfiguration section */

/* Begin XCConfigurationList section */
		5C2F4F4628D4CE2D00268475 /* Build configuration list for PBXProject "WHWeatherApp" */ = {
			isa = XCConfigurationList;
			buildConfigurations = (
				5C2F4F7328D4CE2F00268475 /* Debug */,
				5C2F4F7428D4CE2F00268475 /* Release */,
			);
			defaultConfigurationIsVisible = 0;
			defaultConfigurationName = Release;
		};
		5C2F4F7528D4CE2F00268475 /* Build configuration list for PBXNativeTarget "WHWeatherApp" */ = {
			isa = XCConfigurationList;
			buildConfigurations = (
				5C2F4F7628D4CE2F00268475 /* Debug */,
				5C2F4F7728D4CE2F00268475 /* Release */,
			);
			defaultConfigurationIsVisible = 0;
			defaultConfigurationName = Release;
		};
		5C2F4F7828D4CE2F00268475 /* Build configuration list for PBXNativeTarget "WHWeatherAppTests" */ = {
			isa = XCConfigurationList;
			buildConfigurations = (
				5C2F4F7928D4CE2F00268475 /* Debug */,
				5C2F4F7A28D4CE2F00268475 /* Release */,
			);
			defaultConfigurationIsVisible = 0;
			defaultConfigurationName = Release;
		};
		5C2F4F7B28D4CE2F00268475 /* Build configuration list for PBXNativeTarget "WHWeatherAppUITests" */ = {
			isa = XCConfigurationList;
			buildConfigurations = (
				5C2F4F7C28D4CE2F00268475 /* Debug */,
				5C2F4F7D28D4CE2F00268475 /* Release */,
			);
			defaultConfigurationIsVisible = 0;
			defaultConfigurationName = Release;
		};
/* End XCConfigurationList section */
	};
	rootObject = 5C2F4F4328D4CE2D00268475 /* Project object */;
}
